
Microsoft Visual Studio Solution File, Format Version 12.00
# Visual Studio Version 16
VisualStudioVersion = 16.0.31729.503
MinimumVisualStudioVersion = 10.0.40219.1
Project("{9A19103F-16F7-4668-BE54-9A1E7A4F7556}") = "DrugApp", "HomeApp\DrugApp.csproj", "{77D49680-41AB-4419-A06C-CFDDBBAA3AEC}"
EndProject
Project("{9A19103F-16F7-4668-BE54-9A1E7A4F7556}") = "Enitites", "Enitites\Enitites.csproj", "{C6D43A88-F236-413E-BAC3-DBF61AFF909E}"
EndProject
Project("{9A19103F-16F7-4668-BE54-9A1E7A4F7556}") = "DataAccess", "DataAccess\DataAccess.csproj", "{A6D6B348-5002-47DA-BBD6-DAF2563859E2}"
EndProject
Project("{9A19103F-16F7-4668-BE54-9A1E7A4F7556}") = "Business", "Business\Business.csproj", "{3DFAF9D3-D4C4-425F-8BDB-14DE8A46D1D9}"
EndProject
Project("{9A19103F-16F7-4668-BE54-9A1E7A4F7556}") = "Utilies", "Utilies\Utilies.csproj", "{8EA0EA86-E5D4-4AB3-B9C8-51B9B8BEBCFD}"
EndProject
Global
	GlobalSection(SolutionConfigurationPlatforms) = preSolution
		Debug|Any CPU = Debug|Any CPU
		Release|Any CPU = Release|Any CPU
	EndGlobalSection
	GlobalSection(ProjectConfigurationPlatforms) = postSolution
		{77D49680-41AB-4419-A06C-CFDDBBAA3AEC}.Debug|Any CPU.ActiveCfg = Debug|Any CPU
		{77D49680-41AB-4419-A06C-CFDDBBAA3AEC}.Debug|Any CPU.Build.0 = Debug|Any CPU
		{77D49680-41AB-4419-A06C-CFDDBBAA3AEC}.Release|Any CPU.ActiveCfg = Release|Any CPU
		{77D49680-41AB-4419-A06C-CFDDBBAA3AEC}.Release|Any CPU.Build.0 = Release|Any CPU
		{C6D43A88-F236-413E-BAC3-DBF61AFF909E}.Debug|Any CPU.ActiveCfg = Debug|Any CPU
		{C6D43A88-F236-413E-BAC3-DBF61AFF909E}.Debug|Any CPU.Build.0 = Debug|Any CPU
		{C6D43A88-F236-413E-BAC3-DBF61AFF909E}.Release|Any CPU.ActiveCfg = Release|Any CPU
		{C6D43A88-F236-413E-BAC3-DBF61AFF909E}.Release|Any CPU.Build.0 = Release|Any CPU
		{A6D6B348-5002-47DA-BBD6-DAF2563859E2}.Debug|Any CPU.ActiveCfg = Debug|Any CPU
		{A6D6B348-5002-47DA-BBD6-DAF2563859E2}.Debug|Any CPU.Build.0 = Debug|Any CPU
		{A6D6B348-5002-47DA-BBD6-DAF2563859E2}.Release|Any CPU.ActiveCfg = Release|Any CPU
		{A6D6B348-5002-47DA-BBD6-DAF2563859E2}.Release|Any CPU.Build.0 = Release|Any CPU
		{3DFAF9D3-D4C4-425F-8BDB-14DE8A46D1D9}.Debug|Any CPU.ActiveCfg = Debug|Any CPU
		{3DFAF9D3-D4C4-425F-8BDB-14DE8A46D1D9}.Debug|Any CPU.Build.0 = Debug|Any CPU
		{3DFAF9D3-D4C4-425F-8BDB-14DE8A46D1D9}.Release|Any CPU.ActiveCfg = Release|Any CPU
		{3DFAF9D3-D4C4-425F-8BDB-14DE8A46D1D9}.Release|Any CPU.Build.0 = Release|Any CPU
		{8EA0EA86-E5D4-4AB3-B9C8-51B9B8BEBCFD}.Debug|Any CPU.ActiveCfg = Debug|Any CPU
		{8EA0EA86-E5D4-4AB3-B9C8-51B9B8BEBCFD}.Debug|Any CPU.Build.0 = Debug|Any CPU
		{8EA0EA86-E5D4-4AB3-B9C8-51B9B8BEBCFD}.Release|Any CPU.ActiveCfg = Release|Any CPU
		{8EA0EA86-E5D4-4AB3-B9C8-51B9B8BEBCFD}.Release|Any CPU.Build.0 = Release|Any CPU
	EndGlobalSection
	GlobalSection(SolutionProperties) = preSolution
		HideSolutionNode = FALSE
	EndGlobalSection
	GlobalSection(ExtensibilityGlobals) = postSolution
		SolutionGuid = {850428E3-3336-4BFE-B745-D57A4DB17DC9}
	EndGlobalSection
EndGlobal
